
Microsoft Visual Studio Solution File, Format Version 12.00
# Visual Studio Version 17
VisualStudioVersion = 17.14.36804.6 d17.14
MinimumVisualStudioVersion = 10.0.40219.1
Project("{FAE04EC0-301F-11D3-BF4B-00C04F79EFBC}") = "CoreWebAPIPract", "CoreWebAPIPract\CoreWebAPIPract.csproj", "{DB986F81-BCD1-4A0D-9085-0F358C4B6763}"
EndProject
Global
	GlobalSection(SolutionConfigurationPlatforms) = preSolution
		Debug|Any CPU = Debug|Any CPU
		Release|Any CPU = Release|Any CPU
	EndGlobalSection
	GlobalSection(ProjectConfigurationPlatforms) = postSolution
		{DB986F81-BCD1-4A0D-9085-0F358C4B6763}.Debug|Any CPU.ActiveCfg = Debug|Any CPU
		{DB986F81-BCD1-4A0D-9085-0F358C4B6763}.Debug|Any CPU.Build.0 = Debug|Any CPU
		{DB986F81-BCD1-4A0D-9085-0F358C4B6763}.Release|Any CPU.ActiveCfg = Release|Any CPU
		{DB986F81-BCD1-4A0D-9085-0F358C4B6763}.Release|Any CPU.Build.0 = Release|Any CPU
	EndGlobalSection
	GlobalSection(SolutionProperties) = preSolution
		HideSolutionNode = FALSE
	EndGlobalSection
	GlobalSection(ExtensibilityGlobals) = postSolution
		SolutionGuid = {7FF2921A-670E-4D00-A140-F8909AC9C73D}
	EndGlobalSection
EndGlobal
